
Microsoft Visual Studio Solution File, Format Version 12.00
# Visual Studio Version 16
VisualStudioVersion = 16.0.29609.76
MinimumVisualStudioVersion = 10.0.40219.1
Project("{FAE04EC0-301F-11D3-BF4B-00C04F79EFBC}") = "Analogy.LogViewer.Serilog.UnitTests", "Analogy.LogViewer.Serilog.UnitTests\Analogy.LogViewer.Serilog.UnitTests.csproj", "{9BA5C0E0-2055-4D77-BC9C-E66D63BD96F0}"
EndProject
Project("{9A19103F-16F7-4668-BE54-9A1E7A4F7556}") = "Analogy.LogViewer.Serilog", "Analogy.LogViewer.Serilog\Analogy.LogViewer.Serilog.csproj", "{FFB5C953-D3D9-4956-AB2B-B6AEE239978C}"
EndProject
Project("{FAE04EC0-301F-11D3-BF4B-00C04F79EFBC}") = "Analogy.LogViewer.Serilog.Core", "Analogy.LogViewer.Serilog.Core\Analogy.LogViewer.Serilog.Core.csproj", "{78A64DEE-47B0-4800-B82A-A413A30D292F}"
EndProject
Project("{FAE04EC0-301F-11D3-BF4B-00C04F79EFBC}") = "Analogy.LogViewer.Serilog.Framework", "Analogy.LogViewer.Serilog.Framework\Analogy.LogViewer.Serilog.Framework.csproj", "{BD6D1ED8-9842-480F-8FD3-EFA3F193C256}"
EndProject
Global
	GlobalSection(SolutionConfigurationPlatforms) = preSolution
		Debug|Any CPU = Debug|Any CPU
		Release|Any CPU = Release|Any CPU
	EndGlobalSection
	GlobalSection(ProjectConfigurationPlatforms) = postSolution
		{9BA5C0E0-2055-4D77-BC9C-E66D63BD96F0}.Debug|Any CPU.ActiveCfg = Debug|Any CPU
		{9BA5C0E0-2055-4D77-BC9C-E66D63BD96F0}.Debug|Any CPU.Build.0 = Debug|Any CPU
		{9BA5C0E0-2055-4D77-BC9C-E66D63BD96F0}.Release|Any CPU.ActiveCfg = Release|Any CPU
		{9BA5C0E0-2055-4D77-BC9C-E66D63BD96F0}.Release|Any CPU.Build.0 = Release|Any CPU
		{FFB5C953-D3D9-4956-AB2B-B6AEE239978C}.Debug|Any CPU.ActiveCfg = Debug|Any CPU
		{FFB5C953-D3D9-4956-AB2B-B6AEE239978C}.Debug|Any CPU.Build.0 = Debug|Any CPU
		{FFB5C953-D3D9-4956-AB2B-B6AEE239978C}.Release|Any CPU.ActiveCfg = Release|Any CPU
		{FFB5C953-D3D9-4956-AB2B-B6AEE239978C}.Release|Any CPU.Build.0 = Release|Any CPU
		{78A64DEE-47B0-4800-B82A-A413A30D292F}.Debug|Any CPU.ActiveCfg = Debug|Any CPU
		{78A64DEE-47B0-4800-B82A-A413A30D292F}.Debug|Any CPU.Build.0 = Debug|Any CPU
		{78A64DEE-47B0-4800-B82A-A413A30D292F}.Release|Any CPU.ActiveCfg = Release|Any CPU
		{78A64DEE-47B0-4800-B82A-A413A30D292F}.Release|Any CPU.Build.0 = Release|Any CPU
		{BD6D1ED8-9842-480F-8FD3-EFA3F193C256}.Debug|Any CPU.ActiveCfg = Debug|Any CPU
		{BD6D1ED8-9842-480F-8FD3-EFA3F193C256}.Debug|Any CPU.Build.0 = Debug|Any CPU
		{BD6D1ED8-9842-480F-8FD3-EFA3F193C256}.Release|Any CPU.ActiveCfg = Release|Any CPU
		{BD6D1ED8-9842-480F-8FD3-EFA3F193C256}.Release|Any CPU.Build.0 = Release|Any CPU
	EndGlobalSection
	GlobalSection(SolutionProperties) = preSolution
		HideSolutionNode = FALSE
	EndGlobalSection
	GlobalSection(ExtensibilityGlobals) = postSolution
		SolutionGuid = {A827ABCE-7CB2-469A-A471-DF35010D2F2B}
	EndGlobalSection
EndGlobal
