
Microsoft Visual Studio Solution File, Format Version 12.00
# Visual Studio Version 16
VisualStudioVersion = 16.0.29609.76
MinimumVisualStudioVersion = 10.0.40219.1
Project("{FAE04EC0-301F-11D3-BF4B-00C04F79EFBC}") = "Analogy.LogViewer.Serilog.UnitTests", "Analogy.LogViewer.Serilog.UnitTests\Analogy.LogViewer.Serilog.UnitTests.csproj", "{9BA5C0E0-2055-4D77-BC9C-E66D63BD96F0}"
EndProject
Project("{9A19103F-16F7-4668-BE54-9A1E7A4F7556}") = "Analogy.LogViewer.Serilog", "Analogy.LogViewer.Serilog\Analogy.LogViewer.Serilog.csproj", "{495BEFBF-44B2-4F3C-BC5A-ED23298779C0}"
EndProject
Project("{FAE04EC0-301F-11D3-BF4B-00C04F79EFBC}") = "Analogy.LogViewer.Serilog.Sinks", "Analogy.LogViewer.Serilog.Sinks\Analogy.LogViewer.Serilog.Sinks.csproj", "{2643AFE0-2FAB-4D73-8D69-9B687416C3B7}"
EndProject
Global
	GlobalSection(SolutionConfigurationPlatforms) = preSolution
		Debug|Any CPU = Debug|Any CPU
		Release|Any CPU = Release|Any CPU
	EndGlobalSection
	GlobalSection(ProjectConfigurationPlatforms) = postSolution
		{9BA5C0E0-2055-4D77-BC9C-E66D63BD96F0}.Debug|Any CPU.ActiveCfg = Debug|Any CPU
		{9BA5C0E0-2055-4D77-BC9C-E66D63BD96F0}.Debug|Any CPU.Build.0 = Debug|Any CPU
		{9BA5C0E0-2055-4D77-BC9C-E66D63BD96F0}.Release|Any CPU.ActiveCfg = Release|Any CPU
		{9BA5C0E0-2055-4D77-BC9C-E66D63BD96F0}.Release|Any CPU.Build.0 = Release|Any CPU
		{495BEFBF-44B2-4F3C-BC5A-ED23298779C0}.Debug|Any CPU.ActiveCfg = Debug|Any CPU
		{495BEFBF-44B2-4F3C-BC5A-ED23298779C0}.Debug|Any CPU.Build.0 = Debug|Any CPU
		{495BEFBF-44B2-4F3C-BC5A-ED23298779C0}.Release|Any CPU.ActiveCfg = Release|Any CPU
		{495BEFBF-44B2-4F3C-BC5A-ED23298779C0}.Release|Any CPU.Build.0 = Release|Any CPU
		{2643AFE0-2FAB-4D73-8D69-9B687416C3B7}.Debug|Any CPU.ActiveCfg = Debug|Any CPU
		{2643AFE0-2FAB-4D73-8D69-9B687416C3B7}.Debug|Any CPU.Build.0 = Debug|Any CPU
		{2643AFE0-2FAB-4D73-8D69-9B687416C3B7}.Release|Any CPU.ActiveCfg = Release|Any CPU
		{2643AFE0-2FAB-4D73-8D69-9B687416C3B7}.Release|Any CPU.Build.0 = Release|Any CPU
	EndGlobalSection
	GlobalSection(SolutionProperties) = preSolution
		HideSolutionNode = FALSE
	EndGlobalSection
	GlobalSection(ExtensibilityGlobals) = postSolution
		SolutionGuid = {A827ABCE-7CB2-469A-A471-DF35010D2F2B}
	EndGlobalSection
EndGlobal
